FORGE
  remote: https://forgeapi.puppetlabs.com
  specs:
    nanliu-staging (1.0.3)
    pdxcat-collectd (3.2.0)
      puppetlabs-concat (>= 1.0.4)
      puppetlabs-stdlib (>= 3.0.0)
    puppetlabs-apt (1.7.0)
      puppetlabs-stdlib (>= 2.2.1)
    puppetlabs-concat (1.2.0)
      puppetlabs-stdlib (< 5.0.0, >= 3.2.0)
    puppetlabs-inifile (1.2.0)
    puppetlabs-stdlib (4.5.1)

GIT
  remote: git://github.com/jfryman/puppet-nginx.git
  ref: master
  sha: a19cb94f2398d0b9609a04db2ec9a0071c565004
  specs:
    jfryman-nginx (0.2.2)
      puppetlabs-apt (< 2.0.0, >= 1.0.0)
      puppetlabs-concat (< 2.0.0, >= 1.1.1)
      puppetlabs-stdlib (< 5.0.0, >= 4.2.0)

GIT
  remote: git://github.com/pulling-strings/puppet-grafana.git
  ref: master
  sha: 8fea379201973f17a0d18fc56446d0b562fc7388
  specs:
    strings-grafana (1.1.0)
      puppetlabs-stdlib (>= 3.2.0)

GIT
  remote: git://github.com/pulling-strings/puppet-influxdb.git
  ref: master
  sha: 56d446f66ce841280028c287810d39b81ab339e7
  specs:
    strings-influxdb (0.3.0)
      nanliu-staging (>= 0.4.0)
      puppetlabs-inifile (>= 1.0.0)

DEPENDENCIES
  jfryman-nginx (>= 0)
  pdxcat-collectd (>= 0)
  puppetlabs-apt (>= 0)
  puppetlabs-stdlib (>= 0)
  strings-grafana (>= 0)
  strings-influxdb (>= 0)

